// !$*UTF8*$!
{
	archiveVersion = 1;
	classes = {
	};
	objectVersion = 46;
	objects = {

/* Begin PBXBuildFile section */
		0109F90F1BA3415900D39893 /* sdRefeshView_arrow@2x.png in Resources */ = {isa = PBXBuildFile; fileRef = 0109F9051BA3415900D39893 /* sdRefeshView_arrow@2x.png */; settings = {ASSET_TAGS = (); }; };
		0109F9101BA3415900D39893 /* SDRefreshFooterView.m in Sources */ = {isa = PBXBuildFile; fileRef = 0109F9081BA3415900D39893 /* SDRefreshFooterView.m */; settings = {ASSET_TAGS = (); }; };
		0109F9111BA3415900D39893 /* SDRefreshHeaderView.m in Sources */ = {isa = PBXBuildFile; fileRef = 0109F90A1BA3415900D39893 /* SDRefreshHeaderView.m */; settings = {ASSET_TAGS = (); }; };
		0109F9121BA3415900D39893 /* SDRefreshView.m in Sources */ = {isa = PBXBuildFile; fileRef = 0109F90C1BA3415900D39893 /* SDRefreshView.m */; settings = {ASSET_TAGS = (); }; };
		0109F9131BA3415900D39893 /* UIView+SDExtension.m in Sources */ = {isa = PBXBuildFile; fileRef = 0109F90E1BA3415900D39893 /* UIView+SDExtension.m */; settings = {ASSET_TAGS = (); }; };
		01272DF51BB281E600EFE68B /* D3RecordButton.m in Sources */ = {isa = PBXBuildFile; fileRef = 01272DE61BB281E600EFE68B /* D3RecordButton.m */; settings = {ASSET_TAGS = (); }; };
		01272DF61BB281E600EFE68B /* mic_0.png in Resources */ = {isa = PBXBuildFile; fileRef = 01272DE81BB281E600EFE68B /* mic_0.png */; settings = {ASSET_TAGS = (); }; };
		01272DF71BB281E600EFE68B /* mic_1.png in Resources */ = {isa = PBXBuildFile; fileRef = 01272DE91BB281E600EFE68B /* mic_1.png */; settings = {ASSET_TAGS = (); }; };
		01272DF81BB281E600EFE68B /* mic_2.png in Resources */ = {isa = PBXBuildFile; fileRef = 01272DEA1BB281E600EFE68B /* mic_2.png */; settings = {ASSET_TAGS = (); }; };
		01272DF91BB281E600EFE68B /* mic_3.png in Resources */ = {isa = PBXBuildFile; fileRef = 01272DEB1BB281E600EFE68B /* mic_3.png */; settings = {ASSET_TAGS = (); }; };
		01272DFA1BB281E600EFE68B /* mic_4.png in Resources */ = {isa = PBXBuildFile; fileRef = 01272DEC1BB281E600EFE68B /* mic_4.png */; settings = {ASSET_TAGS = (); }; };
		01272DFB1BB281E600EFE68B /* mic_5.png in Resources */ = {isa = PBXBuildFile; fileRef = 01272DED1BB281E600EFE68B /* mic_5.png */; settings = {ASSET_TAGS = (); }; };
		01272DFC1BB281E600EFE68B /* mic_cancel.png in Resources */ = {isa = PBXBuildFile; fileRef = 01272DEE1BB281E600EFE68B /* mic_cancel.png */; settings = {ASSET_TAGS = (); }; };
		01272DFD1BB281E600EFE68B /* libmp3lame.a in Frameworks */ = {isa = PBXBuildFile; fileRef = 01272DF01BB281E600EFE68B /* libmp3lame.a */; settings = {ASSET_TAGS = (); }; };
		01272DFE1BB281E600EFE68B /* Mp3Recorder.m in Sources */ = {isa = PBXBuildFile; fileRef = 01272DF21BB281E600EFE68B /* Mp3Recorder.m */; settings = {ASSET_TAGS = (); }; };
		01272DFF1BB281E600EFE68B /* RecordHUD.m in Sources */ = {isa = PBXBuildFile; fileRef = 01272DF41BB281E600EFE68B /* RecordHUD.m */; settings = {ASSET_TAGS = (); }; };
		01376F811BA7CD2E006EE2EC /* BCNetwork.m in Sources */ = {isa = PBXBuildFile; fileRef = 01376F801BA7CD2E006EE2EC /* BCNetwork.m */; settings = {ASSET_TAGS = (); }; };
		017719A31BA1CA150066EB27 /* HomeController.m in Sources */ = {isa = PBXBuildFile; fileRef = 017719A21BA1CA150066EB27 /* HomeController.m */; settings = {ASSET_TAGS = (); }; };
		017719A81BA1CA920066EB27 /* RequestData.m in Sources */ = {isa = PBXBuildFile; fileRef = 017719A71BA1CA920066EB27 /* RequestData.m */; settings = {ASSET_TAGS = (); }; };
		0179BD821B9E9F9D008E13E3 /* main.m in Sources */ = {isa = PBXBuildFile; fileRef = 0179BD811B9E9F9D008E13E3 /* main.m */; };
		0179BD851B9E9F9D008E13E3 /* AppDelegate.m in Sources */ = {isa = PBXBuildFile; fileRef = 0179BD841B9E9F9D008E13E3 /* AppDelegate.m */; };
		0179BD8D1B9E9F9D008E13E3 /* Assets.xcassets in Resources */ = {isa = PBXBuildFile; fileRef = 0179BD8C1B9E9F9D008E13E3 /* Assets.xcassets */; };
		0179BD9B1B9E9F9D008E13E3 /* EnglishTests.m in Sources */ = {isa = PBXBuildFile; fileRef = 0179BD9A1B9E9F9D008E13E3 /* EnglishTests.m */; };
		0179BDA61B9E9F9D008E13E3 /* EnglishUITests.m in Sources */ = {isa = PBXBuildFile; fileRef = 0179BDA51B9E9F9D008E13E3 /* EnglishUITests.m */; };
		0179BDEB1B9EE7C1008E13E3 /* Main.storyboard in Resources */ = {isa = PBXBuildFile; fileRef = 0179BDEA1B9EE7C1008E13E3 /* Main.storyboard */; };
		0179BDEE1B9EE846008E13E3 /* PlugViewController.m in Sources */ = {isa = PBXBuildFile; fileRef = 0179BDED1B9EE846008E13E3 /* PlugViewController.m */; };
		01B191971BB27A6900EDBF7F /* AudioStreamer.m in Sources */ = {isa = PBXBuildFile; fileRef = 01B191961BB27A6900EDBF7F /* AudioStreamer.m */; settings = {ASSET_TAGS = (); }; };
		01EBDBD81BA2A29F007B581B /* LibraryController.m in Sources */ = {isa = PBXBuildFile; fileRef = 01EBDBD71BA2A29F007B581B /* LibraryController.m */; settings = {ASSET_TAGS = (); }; };
		01EBDBDC1BA2AF03007B581B /* LibraryViewCell.m in Sources */ = {isa = PBXBuildFile; fileRef = 01EBDBDA1BA2AF03007B581B /* LibraryViewCell.m */; settings = {ASSET_TAGS = (); }; };
		01EBDBDD1BA2AF03007B581B /* LibraryViewCell.xib in Resources */ = {isa = PBXBuildFile; fileRef = 01EBDBDB1BA2AF03007B581B /* LibraryViewCell.xib */; settings = {ASSET_TAGS = (); }; };
		01EBDBDF1BA2B1F5007B581B /* 222.png in Resources */ = {isa = PBXBuildFile; fileRef = 01EBDBDE1BA2B1F5007B581B /* 222.png */; settings = {ASSET_TAGS = (); }; };
		01EBDBE31BA2B229007B581B /* ARLabel.m in Sources */ = {isa = PBXBuildFile; fileRef = 01EBDBE21BA2B229007B581B /* ARLabel.m */; settings = {ASSET_TAGS = (); }; };
		01EBDBEA1BA2BD7B007B581B /* down@2x.png in Resources */ = {isa = PBXBuildFile; fileRef = 01EBDBE51BA2BD7B007B581B /* down@2x.png */; settings = {ASSET_TAGS = (); }; };
		01EBDBEB1BA2BD7B007B581B /* YiRefreshFooter.m in Sources */ = {isa = PBXBuildFile; fileRef = 01EBDBE71BA2BD7B007B581B /* YiRefreshFooter.m */; settings = {ASSET_TAGS = (); }; };
		01EBDBEC1BA2BD7B007B581B /* YiRefreshHeader.m in Sources */ = {isa = PBXBuildFile; fileRef = 01EBDBE91BA2BD7B007B581B /* YiRefreshHeader.m */; settings = {ASSET_TAGS = (); }; };
		01F840451BB129BE003DF839 /* DetailController.m in Sources */ = {isa = PBXBuildFile; fileRef = 01F840441BB129BE003DF839 /* DetailController.m */; settings = {ASSET_TAGS = (); }; };
		104C4978A9199A83EF5EF985 /* libPods.a in Frameworks */ = {isa = PBXBuildFile; fileRef = 50F596C1487F28CA8B8F90BA /* libPods.a */; };
/* End PBXBuildFile section */

/* Begin PBXContainerItemProxy section */
		0179BD971B9E9F9D008E13E3 /* PBXContainerItemProxy */ = {
			isa = PBXContainerItemProxy;
			containerPortal = 0179BD751B9E9F9D008E13E3 /* Project object */;
			proxyType = 1;
			remoteGlobalIDString = 0179BD7C1B9E9F9D008E13E3;
			remoteInfo = English;
		};
		0179BDA21B9E9F9D008E13E3 /* PBXContainerItemProxy */ = {
			isa = PBXContainerItemProxy;
			containerPortal = 0179BD751B9E9F9D008E13E3 /* Project object */;
			proxyType = 1;
			remoteGlobalIDString = 0179BD7C1B9E9F9D008E13E3;
			remoteInfo = English;
		};
/* End PBXContainerItemProxy section */

/* Begin PBXFileReference section */
		0109F9051BA3415900D39893 /* sdRefeshView_arrow@2x.png */ = {isa = PBXFileReference; lastKnownFileType = image.png; path = "sdRefeshView_arrow@2x.png"; sourceTree = "<group>"; };
		0109F9061BA3415900D39893 /* SDRefresh.h */ = {isa = PBXFileReference; fileEncoding = 4; lastKnownFileType = sourcecode.c.h; path = SDRefresh.h; sourceTree = "<group>"; };
		0109F9071BA3415900D39893 /* SDRefreshFooterView.h */ = {isa = PBXFileReference; fileEncoding = 4; lastKnownFileType = sourcecode.c.h; path = SDRefreshFooterView.h; sourceTree = "<group>"; };
		0109F9081BA3415900D39893 /* SDRefreshFooterView.m */ = {isa = PBXFileReference; fileEncoding = 4; lastKnownFileType = sourcecode.c.objc; path = SDRefreshFooterView.m; sourceTree = "<group>"; };
		0109F9091BA3415900D39893 /* SDRefreshHeaderView.h */ = {isa = PBXFileReference; fileEncoding = 4; lastKnownFileType = sourcecode.c.h; path = SDRefreshHeaderView.h; sourceTree = "<group>"; };
		0109F90A1BA3415900D39893 /* SDRefreshHeaderView.m */ = {isa = PBXFileReference; fileEncoding = 4; lastKnownFileType = sourcecode.c.objc; path = SDRefreshHeaderView.m; sourceTree = "<group>"; };
		0109F90B1BA3415900D39893 /* SDRefreshView.h */ = {isa = PBXFileReference; fileEncoding = 4; lastKnownFileType = sourcecode.c.h; path = SDRefreshView.h; sourceTree = "<group>"; };
		0109F90C1BA3415900D39893 /* SDRefreshView.m */ = {isa = PBXFileReference; fileEncoding = 4; lastKnownFileType = sourcecode.c.objc; path = SDRefreshView.m; sourceTree = "<group>"; };
		0109F90D1BA3415900D39893 /* UIView+SDExtension.h */ = {isa = PBXFileReference; fileEncoding = 4; lastKnownFileType = sourcecode.c.h; path = "UIView+SDExtension.h"; sourceTree = "<group>"; };
		0109F90E1BA3415900D39893 /* UIView+SDExtension.m */ = {isa = PBXFileReference; fileEncoding = 4; lastKnownFileType = sourcecode.c.objc; path = "UIView+SDExtension.m"; sourceTree = "<group>"; };
		01272DE51BB281E600EFE68B /* D3RecordButton.h */ = {isa = PBXFileReference; fileEncoding = 4; lastKnownFileType = sourcecode.c.h; path = D3RecordButton.h; sourceTree = "<group>"; };
		01272DE61BB281E600EFE68B /* D3RecordButton.m */ = {isa = PBXFileReference; fileEncoding = 4; lastKnownFileType = sourcecode.c.objc; path = D3RecordButton.m; sourceTree = "<group>"; };
		01272DE81BB281E600EFE68B /* mic_0.png */ = {isa = PBXFileReference; lastKnownFileType = image.png; path = mic_0.png; sourceTree = "<group>"; };
		01272DE91BB281E600EFE68B /* mic_1.png */ = {isa = PBXFileReference; lastKnownFileType = image.png; path = mic_1.png; sourceTree = "<group>"; };
		01272DEA1BB281E600EFE68B /* mic_2.png */ = {isa = PBXFileReference; lastKnownFileType = image.png; path = mic_2.png; sourceTree = "<group>"; };
		01272DEB1BB281E600EFE68B /* mic_3.png */ = {isa = PBXFileReference; lastKnownFileType = image.png; path = mic_3.png; sourceTree = "<group>"; };
		01272DEC1BB281E600EFE68B /* mic_4.png */ = {isa = PBXFileReference; lastKnownFileType = image.png; path = mic_4.png; sourceTree = "<group>"; };
		01272DED1BB281E600EFE68B /* mic_5.png */ = {isa = PBXFileReference; lastKnownFileType = image.png; path = mic_5.png; sourceTree = "<group>"; };
		01272DEE1BB281E600EFE68B /* mic_cancel.png */ = {isa = PBXFileReference; lastKnownFileType = image.png; path = mic_cancel.png; sourceTree = "<group>"; };
		01272DEF1BB281E600EFE68B /* lame.h */ = {isa = PBXFileReference; fileEncoding = 4; lastKnownFileType = sourcecode.c.h; path = lame.h; sourceTree = "<group>"; };
		01272DF01BB281E600EFE68B /* libmp3lame.a */ = {isa = PBXFileReference; lastKnownFileType = archive.ar; path = libmp3lame.a; sourceTree = "<group>"; };
		01272DF11BB281E600EFE68B /* Mp3Recorder.h */ = {isa = PBXFileReference; fileEncoding = 4; lastKnownFileType = sourcecode.c.h; path = Mp3Recorder.h; sourceTree = "<group>"; };
		01272DF21BB281E600EFE68B /* Mp3Recorder.m */ = {isa = PBXFileReference; fileEncoding = 4; lastKnownFileType = sourcecode.c.objc; path = Mp3Recorder.m; sourceTree = "<group>"; };
		01272DF31BB281E600EFE68B /* RecordHUD.h */ = {isa = PBXFileReference; fileEncoding = 4; lastKnownFileType = sourcecode.c.h; path = RecordHUD.h; sourceTree = "<group>"; };
		01272DF41BB281E600EFE68B /* RecordHUD.m */ = {isa = PBXFileReference; fileEncoding = 4; lastKnownFileType = sourcecode.c.objc; path = RecordHUD.m; sourceTree = "<group>"; };
		01376F7F1BA7CD2E006EE2EC /* BCNetwork.h */ = {isa = PBXFileReference; fileEncoding = 4; lastKnownFileType = sourcecode.c.h; path = BCNetwork.h; sourceTree = "<group>"; };
		01376F801BA7CD2E006EE2EC /* BCNetwork.m */ = {isa = PBXFileReference; fileEncoding = 4; lastKnownFileType = sourcecode.c.objc; path = BCNetwork.m; sourceTree = "<group>"; };
		017719A11BA1CA150066EB27 /* HomeController.h */ = {isa = PBXFileReference; fileEncoding = 4; lastKnownFileType = sourcecode.c.h; path = HomeController.h; sourceTree = "<group>"; };
		017719A21BA1CA150066EB27 /* HomeController.m */ = {isa = PBXFileReference; fileEncoding = 4; lastKnownFileType = sourcecode.c.objc; path = HomeController.m; sourceTree = "<group>"; };
		017719A61BA1CA920066EB27 /* RequestData.h */ = {isa = PBXFileReference; fileEncoding = 4; lastKnownFileType = sourcecode.c.h; path = RequestData.h; sourceTree = "<group>"; };
		017719A71BA1CA920066EB27 /* RequestData.m */ = {isa = PBXFileReference; fileEncoding = 4; lastKnownFileType = sourcecode.c.objc; path = RequestData.m; sourceTree = "<group>"; };
		0179BD7D1B9E9F9D008E13E3 /* English.app */ = {isa = PBXFileReference; explicitFileType = wrapper.application; includeInIndex = 0; path = English.app; sourceTree = BUILT_PRODUCTS_DIR; };
		0179BD811B9E9F9D008E13E3 /* main.m */ = {isa = PBXFileReference; lastKnownFileType = sourcecode.c.objc; path = main.m; sourceTree = "<group>"; };
		0179BD831B9E9F9D008E13E3 /* AppDelegate.h */ = {isa = PBXFileReference; lastKnownFileType = sourcecode.c.h; path = AppDelegate.h; sourceTree = "<group>"; };
		0179BD841B9E9F9D008E13E3 /* AppDelegate.m */ = {isa = PBXFileReference; lastKnownFileType = sourcecode.c.objc; path = AppDelegate.m; sourceTree = "<group>"; };
		0179BD8C1B9E9F9D008E13E3 /* Assets.xcassets */ = {isa = PBXFileReference; lastKnownFileType = folder.assetcatalog; path = Assets.xcassets; sourceTree = "<group>"; };
		0179BD911B9E9F9D008E13E3 /* Info.plist */ = {isa = PBXFileReference; lastKnownFileType = text.plist.xml; path = Info.plist; sourceTree = "<group>"; };
		0179BD961B9E9F9D008E13E3 /* EnglishTests.xctest */ = {isa = PBXFileReference; explicitFileType = wrapper.cfbundle; includeInIndex = 0; path = EnglishTests.xctest; sourceTree = BUILT_PRODUCTS_DIR; };
		0179BD9A1B9E9F9D008E13E3 /* EnglishTests.m */ = {isa = PBXFileReference; lastKnownFileType = sourcecode.c.objc; path = EnglishTests.m; sourceTree = "<group>"; };
		0179BD9C1B9E9F9D008E13E3 /* Info.plist */ = {isa = PBXFileReference; lastKnownFileType = text.plist.xml; path = Info.plist; sourceTree = "<group>"; };
		0179BDA11B9E9F9D008E13E3 /* EnglishUITests.xctest */ = {isa = PBXFileReference; explicitFileType = wrapper.cfbundle; includeInIndex = 0; path = EnglishUITests.xctest; sourceTree = BUILT_PRODUCTS_DIR; };
		0179BDA51B9E9F9D008E13E3 /* EnglishUITests.m */ = {isa = PBXFileReference; lastKnownFileType = sourcecode.c.objc; path = EnglishUITests.m; sourceTree = "<group>"; };
		0179BDA71B9E9F9D008E13E3 /* Info.plist */ = {isa = PBXFileReference; lastKnownFileType = text.plist.xml; path = Info.plist; sourceTree = "<group>"; };
		0179BDEA1B9EE7C1008E13E3 /* Main.storyboard */ = {isa = PBXFileReference; fileEncoding = 4; lastKnownFileType = file.storyboard; path = Main.storyboard; sourceTree = "<group>"; };
		0179BDEC1B9EE846008E13E3 /* PlugViewController.h */ = {isa = PBXFileReference; fileEncoding = 4; lastKnownFileType = sourcecode.c.h; path = PlugViewController.h; sourceTree = "<group>"; };
		0179BDED1B9EE846008E13E3 /* PlugViewController.m */ = {isa = PBXFileReference; fileEncoding = 4; lastKnownFileType = sourcecode.c.objc; path = PlugViewController.m; sourceTree = "<group>"; };
		01B191951BB27A6900EDBF7F /* AudioStreamer.h */ = {isa = PBXFileReference; fileEncoding = 4; lastKnownFileType = sourcecode.c.h; path = AudioStreamer.h; sourceTree = "<group>"; };
		01B191961BB27A6900EDBF7F /* AudioStreamer.m */ = {isa = PBXFileReference; fileEncoding = 4; lastKnownFileType = sourcecode.c.objc; path = AudioStreamer.m; sourceTree = "<group>"; };
		01EBDBD61BA2A29F007B581B /* LibraryController.h */ = {isa = PBXFileReference; fileEncoding = 4; lastKnownFileType = sourcecode.c.h; path = LibraryController.h; sourceTree = "<group>"; };
		01EBDBD71BA2A29F007B581B /* LibraryController.m */ = {isa = PBXFileReference; fileEncoding = 4; lastKnownFileType = sourcecode.c.objc; path = LibraryController.m; sourceTree = "<group>"; };
		01EBDBD91BA2AF03007B581B /* LibraryViewCell.h */ = {isa = PBXFileReference; fileEncoding = 4; lastKnownFileType = sourcecode.c.h; path = LibraryViewCell.h; sourceTree = "<group>"; };
		01EBDBDA1BA2AF03007B581B /* LibraryViewCell.m */ = {isa = PBXFileReference; fileEncoding = 4; lastKnownFileType = sourcecode.c.objc; path = LibraryViewCell.m; sourceTree = "<group>"; };
		01EBDBDB1BA2AF03007B581B /* LibraryViewCell.xib */ = {isa = PBXFileReference; fileEncoding = 4; lastKnownFileType = file.xib; path = LibraryViewCell.xib; sourceTree = "<group>"; };
		01EBDBDE1BA2B1F5007B581B /* 222.png */ = {isa = PBXFileReference; lastKnownFileType = image.png; path = 222.png; sourceTree = "<group>"; };
		01EBDBE11BA2B229007B581B /* ARLabel.h */ = {isa = PBXFileReference; fileEncoding = 4; lastKnownFileType = sourcecode.c.h; path = ARLabel.h; sourceTree = "<group>"; };
		01EBDBE21BA2B229007B581B /* ARLabel.m */ = {isa = PBXFileReference; fileEncoding = 4; lastKnownFileType = sourcecode.c.objc; path = ARLabel.m; sourceTree = "<group>"; };
		01EBDBE51BA2BD7B007B581B /* down@2x.png */ = {isa = PBXFileReference; lastKnownFileType = image.png; path = "down@2x.png"; sourceTree = "<group>"; };
		01EBDBE61BA2BD7B007B581B /* YiRefreshFooter.h */ = {isa = PBXFileReference; fileEncoding = 4; lastKnownFileType = sourcecode.c.h; path = YiRefreshFooter.h; sourceTree = "<group>"; };
		01EBDBE71BA2BD7B007B581B /* YiRefreshFooter.m */ = {isa = PBXFileReference; fileEncoding = 4; lastKnownFileType = sourcecode.c.objc; path = YiRefreshFooter.m; sourceTree = "<group>"; };
		01EBDBE81BA2BD7B007B581B /* YiRefreshHeader.h */ = {isa = PBXFileReference; fileEncoding = 4; lastKnownFileType = sourcecode.c.h; path = YiRefreshHeader.h; sourceTree = "<group>"; };
		01EBDBE91BA2BD7B007B581B /* YiRefreshHeader.m */ = {isa = PBXFileReference; fileEncoding = 4; lastKnownFileType = sourcecode.c.objc; path = YiRefreshHeader.m; sourceTree = "<group>"; };
		01F840431BB129BE003DF839 /* DetailController.h */ = {isa = PBXFileReference; fileEncoding = 4; lastKnownFileType = sourcecode.c.h; path = DetailController.h; sourceTree = "<group>"; };
		01F840441BB129BE003DF839 /* DetailController.m */ = {isa = PBXFileReference; fileEncoding = 4; lastKnownFileType = sourcecode.c.objc; path = DetailController.m; sourceTree = "<group>"; };
		2D69A48AFE978ED04C27F315 /* Pods.release.xcconfig */ = {isa = PBXFileReference; includeInIndex = 1; lastKnownFileType = text.xcconfig; name = Pods.release.xcconfig; path = "Pods/Target Support Files/Pods/Pods.release.xcconfig"; sourceTree = "<group>"; };
		50F596C1487F28CA8B8F90BA /* libPods.a */ = {isa = PBXFileReference; explicitFileType = archive.ar; includeInIndex = 0; path = libPods.a; sourceTree = BUILT_PRODUCTS_DIR; };
		BF20CAB821BD57FD7FEAE4AC /* Pods.debug.xcconfig */ = {isa = PBXFileReference; includeInIndex = 1; lastKnownFileType = text.xcconfig; name = Pods.debug.xcconfig; path = "Pods/Target Support Files/Pods/Pods.debug.xcconfig"; sourceTree = "<group>"; };
/* End PBXFileReference section */

/* Begin PBXFrameworksBuildPhase section */
		0179BD7A1B9E9F9D008E13E3 /* Frameworks */ = {
			isa = PBXFrameworksBuildPhase;
			buildActionMask = 2147483647;
			files = (
				104C4978A9199A83EF5EF985 /* libPods.a in Frameworks */,
				01272DFD1BB281E600EFE68B /* libmp3lame.a in Frameworks */,
			);
			runOnlyForDeploymentPostprocessing = 0;
		};
		0179BD931B9E9F9D008E13E3 /* Frameworks */ = {
			isa = PBXFrameworksBuildPhase;
			buildActionMask = 2147483647;
			files = (
			);
			runOnlyForDeploymentPostprocessing = 0;
		};
		0179BD9E1B9E9F9D008E13E3 /* Frameworks */ = {
			isa = PBXFrameworksBuildPhase;
			buildActionMask = 2147483647;
			files = (
			);
			runOnlyForDeploymentPostprocessing = 0;
		};
/* End PBXFrameworksBuildPhase section */

/* Begin PBXGroup section */
		0109F9041BA3413900D39893 /* Refresh */ = {
			isa = PBXGroup;
			children = (
				0109F9051BA3415900D39893 /* sdRefeshView_arrow@2x.png */,
				0109F9061BA3415900D39893 /* SDRefresh.h */,
				0109F9071BA3415900D39893 /* SDRefreshFooterView.h */,
				0109F9081BA3415900D39893 /* SDRefreshFooterView.m */,
				0109F9091BA3415900D39893 /* SDRefreshHeaderView.h */,
				0109F90A1BA3415900D39893 /* SDRefreshHeaderView.m */,
				0109F90B1BA3415900D39893 /* SDRefreshView.h */,
				0109F90C1BA3415900D39893 /* SDRefreshView.m */,
				0109F90D1BA3415900D39893 /* UIView+SDExtension.h */,
				0109F90E1BA3415900D39893 /* UIView+SDExtension.m */,
			);
			path = Refresh;
			sourceTree = "<group>";
		};
		01272DE41BB281E600EFE68B /* D3RecordBtutton */ = {
			isa = PBXGroup;
			children = (
				01272DE51BB281E600EFE68B /* D3RecordButton.h */,
				01272DE61BB281E600EFE68B /* D3RecordButton.m */,
				01272DE71BB281E600EFE68B /* imgs */,
				01272DEF1BB281E600EFE68B /* lame.h */,
				01272DF01BB281E600EFE68B /* libmp3lame.a */,
				01272DF11BB281E600EFE68B /* Mp3Recorder.h */,
				01272DF21BB281E600EFE68B /* Mp3Recorder.m */,
				01272DF31BB281E600EFE68B /* RecordHUD.h */,
				01272DF41BB281E600EFE68B /* RecordHUD.m */,
			);
			path = D3RecordBtutton;
			sourceTree = "<group>";
		};
		01272DE71BB281E600EFE68B /* imgs */ = {
			isa = PBXGroup;
			children = (
				01272DE81BB281E600EFE68B /* mic_0.png */,
				01272DE91BB281E600EFE68B /* mic_1.png */,
				01272DEA1BB281E600EFE68B /* mic_2.png */,
				01272DEB1BB281E600EFE68B /* mic_3.png */,
				01272DEC1BB281E600EFE68B /* mic_4.png */,
				01272DED1BB281E600EFE68B /* mic_5.png */,
				01272DEE1BB281E600EFE68B /* mic_cancel.png */,
			);
			path = imgs;
			sourceTree = "<group>";
		};
		017719A01BA1C9EF0066EB27 /* Home(首页) */ = {
			isa = PBXGroup;
			children = (
				017719A11BA1CA150066EB27 /* HomeController.h */,
				017719A21BA1CA150066EB27 /* HomeController.m */,
			);
			name = "Home(首页)";
			path = Home;
			sourceTree = "<group>";
		};
		017719A41BA1CA370066EB27 /* Tools(工具类) */ = {
			isa = PBXGroup;
			children = (
				017719A51BA1CA500066EB27 /* Controller */,
			);
			name = "Tools(工具类)";
			path = Tools;
			sourceTree = "<group>";
		};
		017719A51BA1CA500066EB27 /* Controller */ = {
			isa = PBXGroup;
			children = (
				01B191951BB27A6900EDBF7F /* AudioStreamer.h */,
				01B191961BB27A6900EDBF7F /* AudioStreamer.m */,
				017719A61BA1CA920066EB27 /* RequestData.h */,
				017719A71BA1CA920066EB27 /* RequestData.m */,
				01376F7F1BA7CD2E006EE2EC /* BCNetwork.h */,
				01376F801BA7CD2E006EE2EC /* BCNetwork.m */,
			);
			path = Controller;
			sourceTree = "<group>";
		};
		0179BD741B9E9F9D008E13E3 = {
			isa = PBXGroup;
			children = (
				0179BD7F1B9E9F9D008E13E3 /* English */,
				0179BD991B9E9F9D008E13E3 /* EnglishTests */,
				0179BDA41B9E9F9D008E13E3 /* EnglishUITests */,
				0179BD7E1B9E9F9D008E13E3 /* Products */,
				C82C1AC629C88A5F0C06B2DD /* Pods */,
				2F62FD642CFC07A59180C3EA /* Frameworks */,
			);
			sourceTree = "<group>";
		};
		0179BD7E1B9E9F9D008E13E3 /* Products */ = {
			isa = PBXGroup;
			children = (
				0179BD7D1B9E9F9D008E13E3 /* English.app */,
				0179BD961B9E9F9D008E13E3 /* EnglishTests.xctest */,
				0179BDA11B9E9F9D008E13E3 /* EnglishUITests.xctest */,
			);
			name = Products;
			sourceTree = "<group>";
		};
		0179BD7F1B9E9F9D008E13E3 /* English */ = {
			isa = PBXGroup;
			children = (
				0179BDDB1B9EE6AA008E13E3 /* Classes */,
				0179BD831B9E9F9D008E13E3 /* AppDelegate.h */,
				0179BD841B9E9F9D008E13E3 /* AppDelegate.m */,
				0179BD8C1B9E9F9D008E13E3 /* Assets.xcassets */,
				0179BD911B9E9F9D008E13E3 /* Info.plist */,
				0179BD801B9E9F9D008E13E3 /* Supporting Files */,
			);
			path = English;
			sourceTree = "<group>";
		};
		0179BD801B9E9F9D008E13E3 /* Supporting Files */ = {
			isa = PBXGroup;
			children = (
				0179BD811B9E9F9D008E13E3 /* main.m */,
			);
			name = "Supporting Files";
			sourceTree = "<group>";
		};
		0179BD991B9E9F9D008E13E3 /* EnglishTests */ = {
			isa = PBXGroup;
			children = (
				0179BD9A1B9E9F9D008E13E3 /* EnglishTests.m */,
				0179BD9C1B9E9F9D008E13E3 /* Info.plist */,
			);
			path = EnglishTests;
			sourceTree = "<group>";
		};
		0179BDA41B9E9F9D008E13E3 /* EnglishUITests */ = {
			isa = PBXGroup;
			children = (
				0179BDA51B9E9F9D008E13E3 /* EnglishUITests.m */,
				0179BDA71B9E9F9D008E13E3 /* Info.plist */,
			);
			path = EnglishUITests;
			sourceTree = "<group>";
		};
		0179BDDB1B9EE6AA008E13E3 /* Classes */ = {
			isa = PBXGroup;
			children = (
				0179BDE41B9EE739008E13E3 /* View(视图) */,
				0179BDE01B9EE720008E13E3 /* Main(主要) */,
				0179BDDC1B9EE6C0008E13E3 /* Plug-in(插件) */,
			);
			path = Classes;
			sourceTree = "<group>";
		};
		0179BDDC1B9EE6C0008E13E3 /* Plug-in(插件) */ = {
			isa = PBXGroup;
			children = (
				01272DE41BB281E600EFE68B /* D3RecordBtutton */,
				0109F9041BA3413900D39893 /* Refresh */,
				01EBDBE41BA2BD7B007B581B /* YiRefresh */,
				01EBDBE01BA2B229007B581B /* ARLabel */,
				0179BDEC1B9EE846008E13E3 /* PlugViewController.h */,
				0179BDED1B9EE846008E13E3 /* PlugViewController.m */,
			);
			name = "Plug-in(插件)";
			path = "Plug-in";
			sourceTree = "<group>";
		};
		0179BDE01B9EE720008E13E3 /* Main(主要) */ = {
			isa = PBXGroup;
			children = (
				01EBDBD31BA2A204007B581B /* Library(图书馆) */,
				017719A41BA1CA370066EB27 /* Tools(工具类) */,
				017719A01BA1C9EF0066EB27 /* Home(首页) */,
			);
			name = "Main(主要)";
			path = Main;
			sourceTree = "<group>";
		};
		0179BDE41B9EE739008E13E3 /* View(视图) */ = {
			isa = PBXGroup;
			children = (
				0179BDEA1B9EE7C1008E13E3 /* Main.storyboard */,
			);
			name = "View(视图)";
			path = View;
			sourceTree = "<group>";
		};
		01EBDBD31BA2A204007B581B /* Library(图书馆) */ = {
			isa = PBXGroup;
			children = (
				01EBDBD51BA2A26D007B581B /* View */,
				01EBDBD41BA2A25C007B581B /* Controller */,
			);
			name = "Library(图书馆)";
			path = Library;
			sourceTree = "<group>";
		};
		01EBDBD41BA2A25C007B581B /* Controller */ = {
			isa = PBXGroup;
			children = (
				01EBDBD61BA2A29F007B581B /* LibraryController.h */,
				01EBDBD71BA2A29F007B581B /* LibraryController.m */,
				01F840431BB129BE003DF839 /* DetailController.h */,
				01F840441BB129BE003DF839 /* DetailController.m */,
			);
			path = Controller;
			sourceTree = "<group>";
		};
		01EBDBD51BA2A26D007B581B /* View */ = {
			isa = PBXGroup;
			children = (
				01EBDBDE1BA2B1F5007B581B /* 222.png */,
				01EBDBD91BA2AF03007B581B /* LibraryViewCell.h */,
				01EBDBDA1BA2AF03007B581B /* LibraryViewCell.m */,
				01EBDBDB1BA2AF03007B581B /* LibraryViewCell.xib */,
			);
			path = View;
			sourceTree = "<group>";
		};
		01EBDBE01BA2B229007B581B /* ARLabel */ = {
			isa = PBXGroup;
			children = (
				01EBDBE11BA2B229007B581B /* ARLabel.h */,
				01EBDBE21BA2B229007B581B /* ARLabel.m */,
			);
			path = ARLabel;
			sourceTree = "<group>";
		};
		01EBDBE41BA2BD7B007B581B /* YiRefresh */ = {
			isa = PBXGroup;
			children = (
				01EBDBE51BA2BD7B007B581B /* down@2x.png */,
				01EBDBE61BA2BD7B007B581B /* YiRefreshFooter.h */,
				01EBDBE71BA2BD7B007B581B /* YiRefreshFooter.m */,
				01EBDBE81BA2BD7B007B581B /* YiRefreshHeader.h */,
				01EBDBE91BA2BD7B007B581B /* YiRefreshHeader.m */,
			);
			path = YiRefresh;
			sourceTree = "<group>";
		};
		2F62FD642CFC07A59180C3EA /* Frameworks */ = {
			isa = PBXGroup;
			children = (
				50F596C1487F28CA8B8F90BA /* libPods.a */,
			);
			name = Frameworks;
			sourceTree = "<group>";
		};
		C82C1AC629C88A5F0C06B2DD /* Pods */ = {
			isa = PBXGroup;
			children = (
				BF20CAB821BD57FD7FEAE4AC /* Pods.debug.xcconfig */,
				2D69A48AFE978ED04C27F315 /* Pods.release.xcconfig */,
			);
			name = Pods;
			sourceTree = "<group>";
		};
/* End PBXGroup section */

/* Begin PBXNativeTarget section */
		0179BD7C1B9E9F9D008E13E3 /* English */ = {
			isa = PBXNativeTarget;
			buildConfigurationList = 0179BDAA1B9E9F9D008E13E3 /* Build configuration list for PBXNativeTarget "English" */;
			buildPhases = (
				50757E56F26C030CCE082FB7 /* Check Pods Manifest.lock */,
				0179BD791B9E9F9D008E13E3 /* Sources */,
				0179BD7A1B9E9F9D008E13E3 /* Frameworks */,
				0179BD7B1B9E9F9D008E13E3 /* Resources */,
				2BCF105E667F05D28F9DB141 /* Copy Pods Resources */,
			);
			buildRules = (
			);
			dependencies = (
			);
			name = English;
			productName = English;
			productReference = 0179BD7D1B9E9F9D008E13E3 /* English.app */;
			productType = "com.apple.product-type.application";
		};
		0179BD951B9E9F9D008E13E3 /* EnglishTests */ = {
			isa = PBXNativeTarget;
			buildConfigurationList = 0179BDAD1B9E9F9D008E13E3 /* Build configuration list for PBXNativeTarget "EnglishTests" */;
			buildPhases = (
				0179BD921B9E9F9D008E13E3 /* Sources */,
				0179BD931B9E9F9D008E13E3 /* Frameworks */,
				0179BD941B9E9F9D008E13E3 /* Resources */,
			);
			buildRules = (
			);
			dependencies = (
				0179BD981B9E9F9D008E13E3 /* PBXTargetDependency */,
			);
			name = EnglishTests;
			productName = EnglishTests;
			productReference = 0179BD961B9E9F9D008E13E3 /* EnglishTests.xctest */;
			productType = "com.apple.product-type.bundle.unit-test";
		};
		0179BDA01B9E9F9D008E13E3 /* EnglishUITests */ = {
			isa = PBXNativeTarget;
			buildConfigurationList = 0179BDB01B9E9F9D008E13E3 /* Build configuration list for PBXNativeTarget "EnglishUITests" */;
			buildPhases = (
				0179BD9D1B9E9F9D008E13E3 /* Sources */,
				0179BD9E1B9E9F9D008E13E3 /* Frameworks */,
				0179BD9F1B9E9F9D008E13E3 /* Resources */,
			);
			buildRules = (
			);
			dependencies = (
				0179BDA31B9E9F9D008E13E3 /* PBXTargetDependency */,
			);
			name = EnglishUITests;
			productName = EnglishUITests;
			productReference = 0179BDA11B9E9F9D008E13E3 /* EnglishUITests.xctest */;
			productType = "com.apple.product-type.bundle.ui-testing";
		};
/* End PBXNativeTarget section */

/* Begin PBXProject section */
		0179BD751B9E9F9D008E13E3 /* Project object */ = {
			isa = PBXProject;
			attributes = {
				LastUpgradeCheck = 0700;
				ORGANIZATIONNAME = Evans;
				TargetAttributes = {
					0179BD7C1B9E9F9D008E13E3 = {
						CreatedOnToolsVersion = 7.0;
						DevelopmentTeam = QN27745LJM;
					};
					0179BD951B9E9F9D008E13E3 = {
						CreatedOnToolsVersion = 7.0;
						DevelopmentTeam = QN27745LJM;
						TestTargetID = 0179BD7C1B9E9F9D008E13E3;
					};
					0179BDA01B9E9F9D008E13E3 = {
						CreatedOnToolsVersion = 7.0;
						DevelopmentTeam = QN27745LJM;
						TestTargetID = 0179BD7C1B9E9F9D008E13E3;
					};
				};
			};
			buildConfigurationList = 0179BD781B9E9F9D008E13E3 /* Build configuration list for PBXProject "English" */;
			compatibilityVersion = "Xcode 3.2";
			developmentRegion = English;
			hasScannedForEncodings = 0;
			knownRegions = (
				en,
				Base,
			);
			mainGroup = 0179BD741B9E9F9D008E13E3;
			productRefGroup = 0179BD7E1B9E9F9D008E13E3 /* Products */;
			projectDirPath = "";
			projectRoot = "";
			targets = (
				0179BD7C1B9E9F9D008E13E3 /* English */,
				0179BD951B9E9F9D008E13E3 /* EnglishTests */,
				0179BDA01B9E9F9D008E13E3 /* EnglishUITests */,
			);
		};
/* End PBXProject section */

/* Begin PBXResourcesBuildPhase section */
		0179BD7B1B9E9F9D008E13E3 /* Resources */ = {
			isa = PBXResourcesBuildPhase;
			buildActionMask = 2147483647;
			files = (
				01EBDBDD1BA2AF03007B581B /* LibraryViewCell.xib in Resources */,
				01272DF91BB281E600EFE68B /* mic_3.png in Resources */,
				0179BDEB1B9EE7C1008E13E3 /* Main.storyboard in Resources */,
				01272DF81BB281E600EFE68B /* mic_2.png in Resources */,
				01272DF61BB281E600EFE68B /* mic_0.png in Resources */,
				01272DFC1BB281E600EFE68B /* mic_cancel.png in Resources */,
				01272DFB1BB281E600EFE68B /* mic_5.png in Resources */,
				01EBDBEA1BA2BD7B007B581B /* down@2x.png in Resources */,
				0109F90F1BA3415900D39893 /* sdRefeshView_arrow@2x.png in Resources */,
				01272DF71BB281E600EFE68B /* mic_1.png in Resources */,
				01EBDBDF1BA2B1F5007B581B /* 222.png in Resources */,
				01272DFA1BB281E600EFE68B /* mic_4.png in Resources */,
				0179BD8D1B9E9F9D008E13E3 /* Assets.xcassets in Resources */,
			);
			runOnlyForDeploymentPostprocessing = 0;
		};
		0179BD941B9E9F9D008E13E3 /* Resources */ = {
			isa = PBXResourcesBuildPhase;
			buildActionMask = 2147483647;
			files = (
			);
			runOnlyForDeploymentPostprocessing = 0;
		};
		0179BD9F1B9E9F9D008E13E3 /* Resources */ = {
			isa = PBXResourcesBuildPhase;
			buildActionMask = 2147483647;
			files = (
			);
			runOnlyForDeploymentPostprocessing = 0;
		};
/* End PBXResourcesBuildPhase section */

/* Begin PBXShellScriptBuildPhase section */
		2BCF105E667F05D28F9DB141 /* Copy Pods Resources */ = {
			isa = PBXShellScriptBuildPhase;
			buildActionMask = 2147483647;
			files = (
			);
			inputPaths = (
			);
			name = "Copy Pods Resources";
			outputPaths = (
			);
			runOnlyForDeploymentPostprocessing = 0;
			shellPath = /bin/sh;
			shellScript = "\"${SRCROOT}/Pods/Target Support Files/Pods/Pods-resources.sh\"\n";
			showEnvVarsInLog = 0;
		};
		50757E56F26C030CCE082FB7 /* Check Pods Manifest.lock */ = {
			isa = PBXShellScriptBuildPhase;
			buildActionMask = 2147483647;
			files = (
			);
			inputPaths = (
			);
			name = "Check Pods Manifest.lock";
			outputPaths = (
			);
			runOnlyForDeploymentPostprocessing = 0;
			shellPath = /bin/sh;
			shellScript = "diff \"${PODS_ROOT}/../Podfile.lock\" \"${PODS_ROOT}/Manifest.lock\" > /dev/null\nif [[ $? != 0 ]] ; then\n    cat << EOM\nerror: The sandbox is not in sync with the Podfile.lock. Run 'pod install' or update your CocoaPods installation.\nEOM\n    exit 1\nfi\n";
			showEnvVarsInLog = 0;
		};
/* End PBXShellScriptBuildPhase section */

/* Begin PBXSourcesBuildPhase section */
		0179BD791B9E9F9D008E13E3 /* Sources */ = {
			isa = PBXSourcesBuildPhase;
			buildActionMask = 2147483647;
			files = (
				0179BD851B9E9F9D008E13E3 /* AppDelegate.m in Sources */,
				0109F9101BA3415900D39893 /* SDRefreshFooterView.m in Sources */,
				0109F9121BA3415900D39893 /* SDRefreshView.m in Sources */,
				01B191971BB27A6900EDBF7F /* AudioStreamer.m in Sources */,
				0179BDEE1B9EE846008E13E3 /* PlugViewController.m in Sources */,
				01F840451BB129BE003DF839 /* DetailController.m in Sources */,
				0179BD821B9E9F9D008E13E3 /* main.m in Sources */,
				01EBDBDC1BA2AF03007B581B /* LibraryViewCell.m in Sources */,
				01EBDBEC1BA2BD7B007B581B /* YiRefreshHeader.m in Sources */,
				01376F811BA7CD2E006EE2EC /* BCNetwork.m in Sources */,
				0109F9131BA3415900D39893 /* UIView+SDExtension.m in Sources */,
				0109F9111BA3415900D39893 /* SDRefreshHeaderView.m in Sources */,
				017719A81BA1CA920066EB27 /* RequestData.m in Sources */,
				01272DF51BB281E600EFE68B /* D3RecordButton.m in Sources */,
				01272DFE1BB281E600EFE68B /* Mp3Recorder.m in Sources */,
				017719A31BA1CA150066EB27 /* HomeController.m in Sources */,
				01EBDBD81BA2A29F007B581B /* LibraryController.m in Sources */,
				01EBDBE31BA2B229007B581B /* ARLabel.m in Sources */,
				01272DFF1BB281E600EFE68B /* RecordHUD.m in Sources */,
				01EBDBEB1BA2BD7B007B581B /* YiRefreshFooter.m in Sources */,
			);
			runOnlyForDeploymentPostprocessing = 0;
		};
		0179BD921B9E9F9D008E13E3 /* Sources */ = {
			isa = PBXSourcesBuildPhase;
			buildActionMask = 2147483647;
			files = (
				0179BD9B1B9E9F9D008E13E3 /* EnglishTests.m in Sources */,
			);
			runOnlyForDeploymentPostprocessing = 0;
		};
		0179BD9D1B9E9F9D008E13E3 /* Sources */ = {
			isa = PBXSourcesBuildPhase;
			buildActionMask = 2147483647;
			files = (
				0179BDA61B9E9F9D008E13E3 /* EnglishUITests.m in Sources */,
			);
			runOnlyForDeploymentPostprocessing = 0;
		};
/* End PBXSourcesBuildPhase section */

/* Begin PBXTargetDependency section */
		0179BD981B9E9F9D008E13E3 /* PBXTargetDependency */ = {
			isa = PBXTargetDependency;
			target = 0179BD7C1B9E9F9D008E13E3 /* English */;
			targetProxy = 0179BD971B9E9F9D008E13E3 /* PBXContainerItemProxy */;
		};
		0179BDA31B9E9F9D008E13E3 /* PBXTargetDependency */ = {
			isa = PBXTargetDependency;
			target = 0179BD7C1B9E9F9D008E13E3 /* English */;
			targetProxy = 0179BDA21B9E9F9D008E13E3 /* PBXContainerItemProxy */;
		};
/* End PBXTargetDependency section */

/* Begin XCBuildConfiguration section */
		0179BDA81B9E9F9D008E13E3 /* Debug */ = {
			isa = XCBuildConfiguration;
			buildSettings = {
				ALWAYS_SEARCH_USER_PATHS = NO;
				CLANG_CXX_LANGUAGE_STANDARD = "gnu++0x";
				CLANG_CXX_LIBRARY = "libc++";
				CLANG_ENABLE_MODULES = YES;
				CLANG_ENABLE_OBJC_ARC = YES;
				CLANG_WARN_BOOL_CONVERSION = YES;
				CLANG_WARN_CONSTANT_CONVERSION = YES;
				CLANG_WARN_DIRECT_OBJC_ISA_USAGE = YES_ERROR;
				CLANG_WARN_EMPTY_BODY = YES;
				CLANG_WARN_ENUM_CONVERSION = YES;
				CLANG_WARN_INT_CONVERSION = YES;
				CLANG_WARN_OBJC_ROOT_CLASS = YES_ERROR;
				CLANG_WARN_UNREACHABLE_CODE = YES;
				CLANG_WARN__DUPLICATE_METHOD_MATCH = YES;
				"CODE_SIGN_IDENTITY[sdk=iphoneos*]" = "iPhone Developer";
				COPY_PHASE_STRIP = NO;
				DEBUG_INFORMATION_FORMAT = dwarf;
				ENABLE_STRICT_OBJC_MSGSEND = YES;
				ENABLE_TESTABILITY = YES;
				GCC_C_LANGUAGE_STANDARD = gnu99;
				GCC_DYNAMIC_NO_PIC = NO;
				GCC_NO_COMMON_BLOCKS = YES;
				GCC_OPTIMIZATION_LEVEL = 0;
				GCC_PREPROCESSOR_DEFINITIONS = (
					"DEBUG=1",
					"$(inherited)",
				);
				GCC_WARN_64_TO_32_BIT_CONVERSION = YES;
				GCC_WARN_ABOUT_RETURN_TYPE = YES_ERROR;
				GCC_WARN_UNDECLARED_SELECTOR = YES;
				GCC_WARN_UNINITIALIZED_AUTOS = YES_AGGRESSIVE;
				GCC_WARN_UNUSED_FUNCTION = YES;
				GCC_WARN_UNUSED_VARIABLE = YES;
				IPHONEOS_DEPLOYMENT_TARGET = 9.0;
				MTL_ENABLE_DEBUG_INFO = YES;
				ONLY_ACTIVE_ARCH = YES;
				SDKROOT = iphoneos;
			};
			name = Debug;
		};
		0179BDA91B9E9F9D008E13E3 /* Release */ = {
			isa = XCBuildConfiguration;
			buildSettings = {
				ALWAYS_SEARCH_USER_PATHS = NO;
				CLANG_CXX_LANGUAGE_STANDARD = "gnu++0x";
				CLANG_CXX_LIBRARY = "libc++";
				CLANG_ENABLE_MODULES = YES;
				CLANG_ENABLE_OBJC_ARC = YES;
				CLANG_WARN_BOOL_CONVERSION = YES;
				CLANG_WARN_CONSTANT_CONVERSION = YES;
				CLANG_WARN_DIRECT_OBJC_ISA_USAGE = YES_ERROR;
				CLANG_WARN_EMPTY_BODY = YES;
				CLANG_WARN_ENUM_CONVERSION = YES;
				CLANG_WARN_INT_CONVERSION = YES;
				CLANG_WARN_OBJC_ROOT_CLASS = YES_ERROR;
				CLANG_WARN_UNREACHABLE_CODE = YES;
				CLANG_WARN__DUPLICATE_METHOD_MATCH = YES;
				"CODE_SIGN_IDENTITY[sdk=iphoneos*]" = "iPhone Developer";
				COPY_PHASE_STRIP = NO;
				DEBUG_INFORMATION_FORMAT = "dwarf-with-dsym";
				ENABLE_NS_ASSERTIONS = NO;
				ENABLE_STRICT_OBJC_MSGSEND = YES;
				GCC_C_LANGUAGE_STANDARD = gnu99;
				GCC_NO_COMMON_BLOCKS = YES;
				GCC_WARN_64_TO_32_BIT_CONVERSION = YES;
				GCC_WARN_ABOUT_RETURN_TYPE = YES_ERROR;
				GCC_WARN_UNDECLARED_SELECTOR = YES;
				GCC_WARN_UNINITIALIZED_AUTOS = YES_AGGRESSIVE;
				GCC_WARN_UNUSED_FUNCTION = YES;
				GCC_WARN_UNUSED_VARIABLE = YES;
				IPHONEOS_DEPLOYMENT_TARGET = 9.0;
				MTL_ENABLE_DEBUG_INFO = NO;
				SDKROOT = iphoneos;
				VALIDATE_PRODUCT = YES;
			};
			name = Release;
		};
		0179BDAB1B9E9F9D008E13E3 /* Debug */ = {
			isa = XCBuildConfiguration;
			baseConfigurationReference = BF20CAB821BD57FD7FEAE4AC /* Pods.debug.xcconfig */;
			buildSettings = {
				ASSETCATALOG_COMPILER_APPICON_NAME = AppIcon;
				ASSETCATALOG_COMPILER_LAUNCHIMAGE_NAME = BrandAsset;
				CODE_SIGN_IDENTITY = "";
				"CODE_SIGN_IDENTITY[sdk=iphoneos*]" = "iPhone Developer";
				INFOPLIST_FILE = English/Info.plist;
				IPHONEOS_DEPLOYMENT_TARGET = 8.1;
				LD_RUNPATH_SEARCH_PATHS = "$(inherited) @executable_path/Frameworks";
				LIBRARY_SEARCH_PATHS = (
					"$(inherited)",
					"$(PROJECT_DIR)/English/Classes/Plug-in/D3RecordBtutton",
				);
				PRODUCT_BUNDLE_IDENTIFIER = com.winainfo.English;
				PRODUCT_NAME = "$(TARGET_NAME)";
				PROVISIONING_PROFILE = "";
			};
			name = Debug;
		};
		0179BDAC1B9E9F9D008E13E3 /* Release */ = {
			isa = XCBuildConfiguration;
			baseConfigurationReference = 2D69A48AFE978ED04C27F315 /* Pods.release.xcconfig */;
			buildSettings = {
				ASSETCATALOG_COMPILER_APPICON_NAME = AppIcon;
				ASSETCATALOG_COMPILER_LAUNCHIMAGE_NAME = BrandAsset;
				"CODE_SIGN_IDENTITY[sdk=iphoneos*]" = "iPhone Developer";
				INFOPLIST_FILE = English/Info.plist;
				IPHONEOS_DEPLOYMENT_TARGET = 8.1;
				LD_RUNPATH_SEARCH_PATHS = "$(inherited) @executable_path/Frameworks";
				LIBRARY_SEARCH_PATHS = (
					"$(inherited)",
					"$(PROJECT_DIR)/English/Classes/Plug-in/D3RecordBtutton",
				);
				PRODUCT_BUNDLE_IDENTIFIER = com.winainfo.English;
				PRODUCT_NAME = "$(TARGET_NAME)";
				PROVISIONING_PROFILE = "";
			};
			name = Release;
		};
		0179BDAE1B9E9F9D008E13E3 /* Debug */ = {
			isa = XCBuildConfiguration;
			buildSettings = {
				BUNDLE_LOADER = "$(TEST_HOST)";
				INFOPLIST_FILE = EnglishTests/Info.plist;
				LD_RUNPATH_SEARCH_PATHS = "$(inherited) @executable_path/Frameworks @loader_path/Frameworks";
				PRODUCT_BUNDLE_IDENTIFIER = com.winainfo.EnglishTests;
				PRODUCT_NAME = "$(TARGET_NAME)";
				TEST_HOST = "$(BUILT_PRODUCTS_DIR)/English.app/English";
			};
			name = Debug;
		};
		0179BDAF1B9E9F9D008E13E3 /* Release */ = {
			isa = XCBuildConfiguration;
			buildSettings = {
				BUNDLE_LOADER = "$(TEST_HOST)";
				INFOPLIST_FILE = EnglishTests/Info.plist;
				LD_RUNPATH_SEARCH_PATHS = "$(inherited) @executable_path/Frameworks @loader_path/Frameworks";
				PRODUCT_BUNDLE_IDENTIFIER = com.winainfo.EnglishTests;
				PRODUCT_NAME = "$(TARGET_NAME)";
				TEST_HOST = "$(BUILT_PRODUCTS_DIR)/English.app/English";
			};
			name = Release;
		};
		0179BDB11B9E9F9D008E13E3 /* Debug */ = {
			isa = XCBuildConfiguration;
			buildSettings = {
				INFOPLIST_FILE = EnglishUITests/Info.plist;
				LD_RUNPATH_SEARCH_PATHS = "$(inherited) @executable_path/Frameworks @loader_path/Frameworks";
				PRODUCT_BUNDLE_IDENTIFIER = com.winainfo.EnglishUITests;
				PRODUCT_NAME = "$(TARGET_NAME)";
				TEST_TARGET_NAME = English;
				USES_XCTRUNNER = YES;
			};
			name = Debug;
		};
		0179BDB21B9E9F9D008E13E3 /* Release */ = {
			isa = XCBuildConfiguration;
			buildSettings = {
				INFOPLIST_FILE = EnglishUITests/Info.plist;
				LD_RUNPATH_SEARCH_PATHS = "$(inherited) @executable_path/Frameworks @loader_path/Frameworks";
				PRODUCT_BUNDLE_IDENTIFIER = com.winainfo.EnglishUITests;
				PRODUCT_NAME = "$(TARGET_NAME)";
				TEST_TARGET_NAME = English;
				USES_XCTRUNNER = YES;
			};
			name = Release;
		};
/* End XCBuildConfiguration section */

/* Begin XCConfigurationList section */
		0179BD781B9E9F9D008E13E3 /* Build configuration list for PBXProject "English" */ = {
			isa = XCConfigurationList;
			buildConfigurations = (
				0179BDA81B9E9F9D008E13E3 /* Debug */,
				0179BDA91B9E9F9D008E13E3 /* Release */,
			);
			defaultConfigurationIsVisible = 0;
			defaultConfigurationName = Release;
		};
		0179BDAA1B9E9F9D008E13E3 /* Build configuration list for PBXNativeTarget "English" */ = {
			isa = XCConfigurationList;
			buildConfigurations = (
				0179BDAB1B9E9F9D008E13E3 /* Debug */,
				0179BDAC1B9E9F9D008E13E3 /* Release */,
			);
			defaultConfigurationIsVisible = 0;
			defaultConfigurationName = Release;
		};
		0179BDAD1B9E9F9D008E13E3 /* Build configuration list for PBXNativeTarget "EnglishTests" */ = {
			isa = XCConfigurationList;
			buildConfigurations = (
				0179BDAE1B9E9F9D008E13E3 /* Debug */,
				0179BDAF1B9E9F9D008E13E3 /* Release */,
			);
			defaultConfigurationIsVisible = 0;
			defaultConfigurationName = Release;
		};
		0179BDB01B9E9F9D008E13E3 /* Build configuration list for PBXNativeTarget "EnglishUITests" */ = {
			isa = XCConfigurationList;
			buildConfigurations = (
				0179BDB11B9E9F9D008E13E3 /* Debug */,
				0179BDB21B9E9F9D008E13E3 /* Release */,
			);
			defaultConfigurationIsVisible = 0;
			defaultConfigurationName = Release;
		};
/* End XCConfigurationList section */
	};
	rootObject = 0179BD751B9E9F9D008E13E3 /* Project object */;
}
